// !$*UTF8*$!
{
	archiveVersion = 1;
	classes = {
	};
	objectVersion = 51;
	objects = {

/* Begin PBXBuildFile section */
		274BC867C284F2C674E6A420 /* Pods_ParisPetitCoin.framework in Frameworks */ = {isa = PBXBuildFile; fileRef = 0FBC87904716D4C039940A75 /* Pods_ParisPetitCoin.framework */; };
		B612B5B52639A164008E1F65 /* InfoTVController.swift in Sources */ = {isa = PBXBuildFile; fileRef = B612B5B42639A164008E1F65 /* InfoTVController.swift */; };
		B612B5B9263B043C008E1F65 /* GoTVCell.swift in Sources */ = {isa = PBXBuildFile; fileRef = B612B5B8263B043C008E1F65 /* GoTVCell.swift */; };
		B612B5BB263B0453008E1F65 /* LabelTVCell.swift in Sources */ = {isa = PBXBuildFile; fileRef = B612B5BA263B0453008E1F65 /* LabelTVCell.swift */; };
		B612B5BD263B0AAB008E1F65 /* Constants.swift in Sources */ = {isa = PBXBuildFile; fileRef = B612B5BC263B0AAB008E1F65 /* Constants.swift */; };
		B676B7CF262C43F30001D46F /* ToiletteAnnotation.swift in Sources */ = {isa = PBXBuildFile; fileRef = B676B7CE262C43F30001D46F /* ToiletteAnnotation.swift */; };
		B6CF4E6B261C62050005CE89 /* AppDelegate.swift in Sources */ = {isa = PBXBuildFile; fileRef = B6CF4E6A261C62050005CE89 /* AppDelegate.swift */; };
		B6CF4E6D261C62050005CE89 /* SceneDelegate.swift in Sources */ = {isa = PBXBuildFile; fileRef = B6CF4E6C261C62050005CE89 /* SceneDelegate.swift */; };
		B6CF4E6F261C62050005CE89 /* ViewController.swift in Sources */ = {isa = PBXBuildFile; fileRef = B6CF4E6E261C62050005CE89 /* ViewController.swift */; };
		B6CF4E72261C62050005CE89 /* Main.storyboard in Resources */ = {isa = PBXBuildFile; fileRef = B6CF4E70261C62050005CE89 /* Main.storyboard */; };
		B6CF4E74261C620B0005CE89 /* Assets.xcassets in Resources */ = {isa = PBXBuildFile; fileRef = B6CF4E73261C620B0005CE89 /* Assets.xcassets */; };
		B6CF4E77261C620B0005CE89 /* LaunchScreen.storyboard in Resources */ = {isa = PBXBuildFile; fileRef = B6CF4E75261C620B0005CE89 /* LaunchScreen.storyboard */; };
		B6E13828261C9CBD00F5B9A7 /* Service.swift in Sources */ = {isa = PBXBuildFile; fileRef = B6E13827261C9CBD00F5B9A7 /* Service.swift */; };
		B6E1382B261CA4D100F5B9A7 /* Toilette.swift in Sources */ = {isa = PBXBuildFile; fileRef = B6E1382A261CA4D100F5B9A7 /* Toilette.swift */; };
		B6E1383A261CBEFE00F5B9A7 /* ToilettesTVController.swift in Sources */ = {isa = PBXBuildFile; fileRef = B6E13839261CBEFE00F5B9A7 /* ToilettesTVController.swift */; };
		B6FE4DA8262CAD2600E39864 /* MapKit.framework in Frameworks */ = {isa = PBXBuildFile; fileRef = B6FE4DA7262CAD2600E39864 /* MapKit.framework */; };
/* End PBXBuildFile section */

/* Begin PBXFileReference section */
		0FBC87904716D4C039940A75 /* Pods_ParisPetitCoin.framework */ = {isa = PBXFileReference; explicitFileType = wrapper.framework; includeInIndex = 0; path = Pods_ParisPetitCoin.framework; sourceTree = BUILT_PRODUCTS_DIR; };
		3AE6A4886E6D259E47801CD4 /* Pods-ParisPetitCoin.release.xcconfig */ = {isa = PBXFileReference; includeInIndex = 1; lastKnownFileType = text.xcconfig; name = "Pods-ParisPetitCoin.release.xcconfig"; path = "Target Support Files/Pods-ParisPetitCoin/Pods-ParisPetitCoin.release.xcconfig"; sourceTree = "<group>"; };
		62A7CE30DE57E12585B9E13E /* Pods-ParisPetitCoin.debug.xcconfig */ = {isa = PBXFileReference; includeInIndex = 1; lastKnownFileType = text.xcconfig; name = "Pods-ParisPetitCoin.debug.xcconfig"; path = "Target Support Files/Pods-ParisPetitCoin/Pods-ParisPetitCoin.debug.xcconfig"; sourceTree = "<group>"; };
		B612B5B42639A164008E1F65 /* InfoTVController.swift */ = {isa = PBXFileReference; lastKnownFileType = sourcecode.swift; path = InfoTVController.swift; sourceTree = "<group>"; };
		B612B5B8263B043C008E1F65 /* GoTVCell.swift */ = {isa = PBXFileReference; lastKnownFileType = sourcecode.swift; path = GoTVCell.swift; sourceTree = "<group>"; };
		B612B5BA263B0453008E1F65 /* LabelTVCell.swift */ = {isa = PBXFileReference; lastKnownFileType = sourcecode.swift; path = LabelTVCell.swift; sourceTree = "<group>"; };
		B612B5BC263B0AAB008E1F65 /* Constants.swift */ = {isa = PBXFileReference; lastKnownFileType = sourcecode.swift; path = Constants.swift; sourceTree = "<group>"; };
		B676B7CE262C43F30001D46F /* ToiletteAnnotation.swift */ = {isa = PBXFileReference; lastKnownFileType = sourcecode.swift; path = ToiletteAnnotation.swift; sourceTree = "<group>"; };
		B6CF4E67261C62050005CE89 /* ParisPetitCoin.app */ = {isa = PBXFileReference; explicitFileType = wrapper.application; includeInIndex = 0; path = ParisPetitCoin.app; sourceTree = BUILT_PRODUCTS_DIR; };
		B6CF4E6A261C62050005CE89 /* AppDelegate.swift */ = {isa = PBXFileReference; lastKnownFileType = sourcecode.swift; path = AppDelegate.swift; sourceTree = "<group>"; };
		B6CF4E6C261C62050005CE89 /* SceneDelegate.swift */ = {isa = PBXFileReference; lastKnownFileType = sourcecode.swift; path = SceneDelegate.swift; sourceTree = "<group>"; };
		B6CF4E6E261C62050005CE89 /* ViewController.swift */ = {isa = PBXFileReference; lastKnownFileType = sourcecode.swift; path = ViewController.swift; sourceTree = "<group>"; };
		B6CF4E71261C62050005CE89 /* Base */ = {isa = PBXFileReference; lastKnownFileType = file.storyboard; name = Base; path = Base.lproj/Main.storyboard; sourceTree = "<group>"; };
		B6CF4E73261C620B0005CE89 /* Assets.xcassets */ = {isa = PBXFileReference; lastKnownFileType = folder.assetcatalog; path = Assets.xcassets; sourceTree = "<group>"; };
		B6CF4E76261C620B0005CE89 /* Base */ = {isa = PBXFileReference; lastKnownFileType = file.storyboard; name = Base; path = Base.lproj/LaunchScreen.storyboard; sourceTree = "<group>"; };
		B6CF4E78261C620B0005CE89 /* Info.plist */ = {isa = PBXFileReference; lastKnownFileType = text.plist.xml; path = Info.plist; sourceTree = "<group>"; };
		B6E13827261C9CBD00F5B9A7 /* Service.swift */ = {isa = PBXFileReference; lastKnownFileType = sourcecode.swift; path = Service.swift; sourceTree = "<group>"; };
		B6E1382A261CA4D100F5B9A7 /* Toilette.swift */ = {isa = PBXFileReference; lastKnownFileType = sourcecode.swift; path = Toilette.swift; sourceTree = "<group>"; };
		B6E13839261CBEFE00F5B9A7 /* ToilettesTVController.swift */ = {isa = PBXFileReference; lastKnownFileType = sourcecode.swift; path = ToilettesTVController.swift; sourceTree = "<group>"; };
		B6FE4DA7262CAD2600E39864 /* MapKit.framework */ = {isa = PBXFileReference; lastKnownFileType = wrapper.framework; name = MapKit.framework; path = System/Library/Frameworks/MapKit.framework; sourceTree = SDKROOT; };
/* End PBXFileReference section */

/* Begin PBXFrameworksBuildPhase section */
		B6CF4E64261C62050005CE89 /* Frameworks */ = {
			isa = PBXFrameworksBuildPhase;
			buildActionMask = 2147483647;
			files = (
				B6FE4DA8262CAD2600E39864 /* MapKit.framework in Frameworks */,
				274BC867C284F2C674E6A420 /* Pods_ParisPetitCoin.framework in Frameworks */,
			);
			runOnlyForDeploymentPostprocessing = 0;
		};
/* End PBXFrameworksBuildPhase section */

/* Begin PBXGroup section */
		4BC0191AD5E5A2EE355716AD /* Frameworks */ = {
			isa = PBXGroup;
			children = (
				B6FE4DA7262CAD2600E39864 /* MapKit.framework */,
				0FBC87904716D4C039940A75 /* Pods_ParisPetitCoin.framework */,
			);
			name = Frameworks;
			sourceTree = "<group>";
		};
		B676B77D2629D40D0001D46F /* INTERFACES */ = {
			isa = PBXGroup;
			children = (
				B6CF4E70261C62050005CE89 /* Main.storyboard */,
				B6CF4E75261C620B0005CE89 /* LaunchScreen.storyboard */,
			);
			path = INTERFACES;
			sourceTree = "<group>";
		};
		B6CF4E5E261C62050005CE89 = {
			isa = PBXGroup;
			children = (
				B6CF4E69261C62050005CE89 /* ParisPetitCoin */,
				B6CF4E68261C62050005CE89 /* Products */,
				C096FF360DCD34471186A04D /* Pods */,
				4BC0191AD5E5A2EE355716AD /* Frameworks */,
			);
			sourceTree = "<group>";
		};
		B6CF4E68261C62050005CE89 /* Products */ = {
			isa = PBXGroup;
			children = (
				B6CF4E67261C62050005CE89 /* ParisPetitCoin.app */,
			);
			name = Products;
			sourceTree = "<group>";
		};
		B6CF4E69261C62050005CE89 /* ParisPetitCoin */ = {
			isa = PBXGroup;
			children = (
				B6CF4E78261C620B0005CE89 /* Info.plist */,
				B676B77D2629D40D0001D46F /* INTERFACES */,
				B6E13823261C9C1500F5B9A7 /* SERVICES */,
				B6E13822261C9BFE00F5B9A7 /* Supporting Files */,
				B6E13820261C9BB200F5B9A7 /* MODELS */,
				B6E1381F261C9BA500F5B9A7 /* VIEWS */,
				B6E1381E261C9B9200F5B9A7 /* CONTROLLERS */,
			);
			path = ParisPetitCoin;
			sourceTree = "<group>";
		};
		B6E1381E261C9B9200F5B9A7 /* CONTROLLERS */ = {
			isa = PBXGroup;
			children = (
				B6CF4E6E261C62050005CE89 /* ViewController.swift */,
				B6E13839261CBEFE00F5B9A7 /* ToilettesTVController.swift */,
				B612B5B42639A164008E1F65 /* InfoTVController.swift */,
			);
			path = CONTROLLERS;
			sourceTree = "<group>";
		};
		B6E1381F261C9BA500F5B9A7 /* VIEWS */ = {
			isa = PBXGroup;
			children = (
				B612B5B8263B043C008E1F65 /* GoTVCell.swift */,
				B612B5BA263B0453008E1F65 /* LabelTVCell.swift */,
			);
			path = VIEWS;
			sourceTree = "<group>";
		};
		B6E13820261C9BB200F5B9A7 /* MODELS */ = {
			isa = PBXGroup;
			children = (
				B6E1382A261CA4D100F5B9A7 /* Toilette.swift */,
				B676B7CE262C43F30001D46F /* ToiletteAnnotation.swift */,
			);
			path = MODELS;
			sourceTree = "<group>";
		};
		B6E13822261C9BFE00F5B9A7 /* Supporting Files */ = {
			isa = PBXGroup;
			children = (
				B6CF4E6A261C62050005CE89 /* AppDelegate.swift */,
				B6CF4E6C261C62050005CE89 /* SceneDelegate.swift */,
				B6CF4E73261C620B0005CE89 /* Assets.xcassets */,
				B612B5BC263B0AAB008E1F65 /* Constants.swift */,
			);
			path = "Supporting Files";
			sourceTree = "<group>";
		};
		B6E13823261C9C1500F5B9A7 /* SERVICES */ = {
			isa = PBXGroup;
			children = (
				B6E13827261C9CBD00F5B9A7 /* Service.swift */,
			);
			path = SERVICES;
			sourceTree = "<group>";
		};
		C096FF360DCD34471186A04D /* Pods */ = {
			isa = PBXGroup;
			children = (
				62A7CE30DE57E12585B9E13E /* Pods-ParisPetitCoin.debug.xcconfig */,
				3AE6A4886E6D259E47801CD4 /* Pods-ParisPetitCoin.release.xcconfig */,
			);
			path = Pods;
			sourceTree = "<group>";
		};
/* End PBXGroup section */

/* Begin PBXNativeTarget section */
		B6CF4E66261C62050005CE89 /* ParisPetitCoin */ = {
			isa = PBXNativeTarget;
			buildConfigurationList = B6CF4E7B261C620B0005CE89 /* Build configuration list for PBXNativeTarget "ParisPetitCoin" */;
			buildPhases = (
				11565AD1B2E41CB4D5E39E15 /* [CP] Check Pods Manifest.lock */,
				B6CF4E63261C62050005CE89 /* Sources */,
				B6CF4E64261C62050005CE89 /* Frameworks */,
				B6CF4E65261C62050005CE89 /* Resources */,
				BA61CF1B0F24EF6119C78CA2 /* [CP] Embed Pods Frameworks */,
			);
			buildRules = (
			);
			dependencies = (
			);
			name = ParisPetitCoin;
			productName = ParisPetitCoin;
			productReference = B6CF4E67261C62050005CE89 /* ParisPetitCoin.app */;
			productType = "com.apple.product-type.application";
		};
/* End PBXNativeTarget section */

/* Begin PBXProject section */
		B6CF4E5F261C62050005CE89 /* Project object */ = {
			isa = PBXProject;
			attributes = {
				LastSwiftUpdateCheck = 1240;
				LastUpgradeCheck = 1240;
				TargetAttributes = {
					B6CF4E66261C62050005CE89 = {
						CreatedOnToolsVersion = 12.4;
					};
				};
			};
			buildConfigurationList = B6CF4E62261C62050005CE89 /* Build configuration list for PBXProject "ParisPetitCoin" */;
			compatibilityVersion = "Xcode 9.3";
			developmentRegion = en;
			hasScannedForEncodings = 0;
			knownRegions = (
				en,
				Base,
			);
			mainGroup = B6CF4E5E261C62050005CE89;
			productRefGroup = B6CF4E68261C62050005CE89 /* Products */;
			projectDirPath = "";
			projectRoot = "";
			targets = (
				B6CF4E66261C62050005CE89 /* ParisPetitCoin */,
			);
		};
/* End PBXProject section */

/* Begin PBXResourcesBuildPhase section */
		B6CF4E65261C62050005CE89 /* Resources */ = {
			isa = PBXResourcesBuildPhase;
			buildActionMask = 2147483647;
			files = (
				B6CF4E77261C620B0005CE89 /* LaunchScreen.storyboard in Resources */,
				B6CF4E74261C620B0005CE89 /* Assets.xcassets in Resources */,
				B6CF4E72261C62050005CE89 /* Main.storyboard in Resources */,
			);
			runOnlyForDeploymentPostprocessing = 0;
		};
/* End PBXResourcesBuildPhase section */

/* Begin PBXShellScriptBuildPhase section */
		11565AD1B2E41CB4D5E39E15 /* [CP] Check Pods Manifest.lock */ = {
			isa = PBXShellScriptBuildPhase;
			buildActionMask = 2147483647;
			files = (
			);
			inputFileListPaths = (
			);
			inputPaths = (
				"${PODS_PODFILE_DIR_PATH}/Podfile.lock",
				"${PODS_ROOT}/Manifest.lock",
			);
			name = "[CP] Check Pods Manifest.lock";
			outputFileListPaths = (
			);
			outputPaths = (
				"$(DERIVED_FILE_DIR)/Pods-ParisPetitCoin-checkManifestLockResult.txt",
			);
			runOnlyForDeploymentPostprocessing = 0;
			shellPath = /bin/sh;
			shellScript = "diff \"${PODS_PODFILE_DIR_PATH}/Podfile.lock\" \"${PODS_ROOT}/Manifest.lock\" > /dev/null\nif [ $? != 0 ] ; then\n    # print error to STDERR\n    echo \"error: The sandbox is not in sync with the Podfile.lock. Run 'pod install' or update your CocoaPods installation.\" >&2\n    exit 1\nfi\n# This output is used by Xcode 'outputs' to avoid re-running this script phase.\necho \"SUCCESS\" > \"${SCRIPT_OUTPUT_FILE_0}\"\n";
			showEnvVarsInLog = 0;
		};
		BA61CF1B0F24EF6119C78CA2 /* [CP] Embed Pods Frameworks */ = {
			isa = PBXShellScriptBuildPhase;
			buildActionMask = 2147483647;
			files = (
			);
			inputFileListPaths = (
				"${PODS_ROOT}/Target Support Files/Pods-ParisPetitCoin/Pods-ParisPetitCoin-frameworks-${CONFIGURATION}-input-files.xcfilelist",
			);
			name = "[CP] Embed Pods Frameworks";
			outputFileListPaths = (
				"${PODS_ROOT}/Target Support Files/Pods-ParisPetitCoin/Pods-ParisPetitCoin-frameworks-${CONFIGURATION}-output-files.xcfilelist",
			);
			runOnlyForDeploymentPostprocessing = 0;
			shellPath = /bin/sh;
			shellScript = "\"${PODS_ROOT}/Target Support Files/Pods-ParisPetitCoin/Pods-ParisPetitCoin-frameworks.sh\"\n";
			showEnvVarsInLog = 0;
		};
/* End PBXShellScriptBuildPhase section */

/* Begin PBXSourcesBuildPhase section */
		B6CF4E63261C62050005CE89 /* Sources */ = {
			isa = PBXSourcesBuildPhase;
			buildActionMask = 2147483647;
			files = (
				B6CF4E6F261C62050005CE89 /* ViewController.swift in Sources */,
				B612B5BD263B0AAB008E1F65 /* Constants.swift in Sources */,
				B6E13828261C9CBD00F5B9A7 /* Service.swift in Sources */,
				B6CF4E6B261C62050005CE89 /* AppDelegate.swift in Sources */,
				B612B5B52639A164008E1F65 /* InfoTVController.swift in Sources */,
				B6E1382B261CA4D100F5B9A7 /* Toilette.swift in Sources */,
				B6CF4E6D261C62050005CE89 /* SceneDelegate.swift in Sources */,
				B612B5BB263B0453008E1F65 /* LabelTVCell.swift in Sources */,
				B6E1383A261CBEFE00F5B9A7 /* ToilettesTVController.swift in Sources */,
				B676B7CF262C43F30001D46F /* ToiletteAnnotation.swift in Sources */,
				B612B5B9263B043C008E1F65 /* GoTVCell.swift in Sources */,
			);
			runOnlyForDeploymentPostprocessing = 0;
		};
/* End PBXSourcesBuildPhase section */

/* Begin PBXVariantGroup section */
		B6CF4E70261C62050005CE89 /* Main.storyboard */ = {
			isa = PBXVariantGroup;
			children = (
				B6CF4E71261C62050005CE89 /* Base */,
			);
			name = Main.storyboard;
			sourceTree = "<group>";
		};
		B6CF4E75261C620B0005CE89 /* LaunchScreen.storyboard */ = {
			isa = PBXVariantGroup;
			children = (
				B6CF4E76261C620B0005CE89 /* Base */,
			);
			name = LaunchScreen.storyboard;
			sourceTree = "<group>";
		};
/* End PBXVariantGroup section */

/* Begin XCBuildConfiguration section */
		B6CF4E79261C620B0005CE89 /* Debug */ = {
			isa = XCBuildConfiguration;
			buildSettings = {
				ALWAYS_SEARCH_USER_PATHS = NO;
				CLANG_ANALYZER_NONNULL = YES;
				CLANG_ANALYZER_NUMBER_OBJECT_CONVERSION = YES_AGGRESSIVE;
				CLANG_CXX_LANGUAGE_STANDARD = "gnu++14";
				CLANG_CXX_LIBRARY = "libc++";
				CLANG_ENABLE_MODULES = YES;
				CLANG_ENABLE_OBJC_ARC = YES;
				CLANG_ENABLE_OBJC_WEAK = YES;
				CLANG_WARN_BLOCK_CAPTURE_AUTORELEASING = YES;
				CLANG_WARN_BOOL_CONVERSION = YES;
				CLANG_WARN_COMMA = YES;
				CLANG_WARN_CONSTANT_CONVERSION = YES;
				CLANG_WARN_DEPRECATED_OBJC_IMPLEMENTATIONS = YES;
				CLANG_WARN_DIRECT_OBJC_ISA_USAGE = YES_ERROR;
				CLANG_WARN_DOCUMENTATION_COMMENTS = YES;
				CLANG_WARN_EMPTY_BODY = YES;
				CLANG_WARN_ENUM_CONVERSION = YES;
				CLANG_WARN_INFINITE_RECURSION = YES;
				CLANG_WARN_INT_CONVERSION = YES;
				CLANG_WARN_NON_LITERAL_NULL_CONVERSION = YES;
				CLANG_WARN_OBJC_IMPLICIT_RETAIN_SELF = YES;
				CLANG_WARN_OBJC_LITERAL_CONVERSION = YES;
				CLANG_WARN_OBJC_ROOT_CLASS = YES_ERROR;
				CLANG_WARN_QUOTED_INCLUDE_IN_FRAMEWORK_HEADER = YES;
				CLANG_WARN_RANGE_LOOP_ANALYSIS = YES;
				CLANG_WARN_STRICT_PROTOTYPES = YES;
				CLANG_WARN_SUSPICIOUS_MOVE = YES;
				CLANG_WARN_UNGUARDED_AVAILABILITY = YES_AGGRESSIVE;
				CLANG_WARN_UNREACHABLE_CODE = YES;
				CLANG_WARN__DUPLICATE_METHOD_MATCH = YES;
				COPY_PHASE_STRIP = NO;
				DEBUG_INFORMATION_FORMAT = dwarf;
				ENABLE_STRICT_OBJC_MSGSEND = YES;
				ENABLE_TESTABILITY = YES;
				GCC_C_LANGUAGE_STANDARD = gnu11;
				GCC_DYNAMIC_NO_PIC = NO;
				GCC_NO_COMMON_BLOCKS = YES;
				GCC_OPTIMIZATION_LEVEL = 0;
				GCC_PREPROCESSOR_DEFINITIONS = (
					"DEBUG=1",
					"$(inherited)",
				);
				GCC_WARN_64_TO_32_BIT_CONVERSION = YES;
				GCC_WARN_ABOUT_RETURN_TYPE = YES_ERROR;
				GCC_WARN_UNDECLARED_SELECTOR = YES;
				GCC_WARN_UNINITIALIZED_AUTOS = YES_AGGRESSIVE;
				GCC_WARN_UNUSED_FUNCTION = YES;
				GCC_WARN_UNUSED_VARIABLE = YES;
				IPHONEOS_DEPLOYMENT_TARGET = 14.4;
				MTL_ENABLE_DEBUG_INFO = INCLUDE_SOURCE;
				MTL_FAST_MATH = YES;
				ONLY_ACTIVE_ARCH = YES;
				SDKROOT = iphoneos;
				SWIFT_ACTIVE_COMPILATION_CONDITIONS = DEBUG;
				SWIFT_OPTIMIZATION_LEVEL = "-Onone";
			};
			name = Debug;
		};
		B6CF4E7A261C620B0005CE89 /* Release */ = {
			isa = XCBuildConfiguration;
			buildSettings = {
				ALWAYS_SEARCH_USER_PATHS = NO;
				CLANG_ANALYZER_NONNULL = YES;
				CLANG_ANALYZER_NUMBER_OBJECT_CONVERSION = YES_AGGRESSIVE;
				CLANG_CXX_LANGUAGE_STANDARD = "gnu++14";
				CLANG_CXX_LIBRARY = "libc++";
				CLANG_ENABLE_MODULES = YES;
				CLANG_ENABLE_OBJC_ARC = YES;
				CLANG_ENABLE_OBJC_WEAK = YES;
				CLANG_WARN_BLOCK_CAPTURE_AUTORELEASING = YES;
				CLANG_WARN_BOOL_CONVERSION = YES;
				CLANG_WARN_COMMA = YES;
				CLANG_WARN_CONSTANT_CONVERSION = YES;
				CLANG_WARN_DEPRECATED_OBJC_IMPLEMENTATIONS = YES;
				CLANG_WARN_DIRECT_OBJC_ISA_USAGE = YES_ERROR;
				CLANG_WARN_DOCUMENTATION_COMMENTS = YES;
				CLANG_WARN_EMPTY_BODY = YES;
				CLANG_WARN_ENUM_CONVERSION = YES;
				CLANG_WARN_INFINITE_RECURSION = YES;
				CLANG_WARN_INT_CONVERSION = YES;
				CLANG_WARN_NON_LITERAL_NULL_CONVERSION = YES;
				CLANG_WARN_OBJC_IMPLICIT_RETAIN_SELF = YES;
				CLANG_WARN_OBJC_LITERAL_CONVERSION = YES;
				CLANG_WARN_OBJC_ROOT_CLASS = YES_ERROR;
				CLANG_WARN_QUOTED_INCLUDE_IN_FRAMEWORK_HEADER = YES;
				CLANG_WARN_RANGE_LOOP_ANALYSIS = YES;
				CLANG_WARN_STRICT_PROTOTYPES = YES;
				CLANG_WARN_SUSPICIOUS_MOVE = YES;
				CLANG_WARN_UNGUARDED_AVAILABILITY = YES_AGGRESSIVE;
				CLANG_WARN_UNREACHABLE_CODE = YES;
				CLANG_WARN__DUPLICATE_METHOD_MATCH = YES;
				COPY_PHASE_STRIP = NO;
				DEBUG_INFORMATION_FORMAT = "dwarf-with-dsym";
				ENABLE_NS_ASSERTIONS = NO;
				ENABLE_STRICT_OBJC_MSGSEND = YES;
				GCC_C_LANGUAGE_STANDARD = gnu11;
				GCC_NO_COMMON_BLOCKS = YES;
				GCC_WARN_64_TO_32_BIT_CONVERSION = YES;
				GCC_WARN_ABOUT_RETURN_TYPE = YES_ERROR;
				GCC_WARN_UNDECLARED_SELECTOR = YES;
				GCC_WARN_UNINITIALIZED_AUTOS = YES_AGGRESSIVE;
				GCC_WARN_UNUSED_FUNCTION = YES;
				GCC_WARN_UNUSED_VARIABLE = YES;
				IPHONEOS_DEPLOYMENT_TARGET = 14.4;
				MTL_ENABLE_DEBUG_INFO = NO;
				MTL_FAST_MATH = YES;
				SDKROOT = iphoneos;
				SWIFT_COMPILATION_MODE = wholemodule;
				SWIFT_OPTIMIZATION_LEVEL = "-O";
				VALIDATE_PRODUCT = YES;
			};
			name = Release;
		};
		B6CF4E7C261C620B0005CE89 /* Debug */ = {
			isa = XCBuildConfiguration;
			baseConfigurationReference = 62A7CE30DE57E12585B9E13E /* Pods-ParisPetitCoin.debug.xcconfig */;
			buildSettings = {
				ASSETCATALOG_COMPILER_APPICON_NAME = AppIcon;
				ASSETCATALOG_COMPILER_GLOBAL_ACCENT_COLOR_NAME = AccentColor;
				CODE_SIGN_IDENTITY = "Apple Development";
				CODE_SIGN_STYLE = Automatic;
				DEVELOPMENT_TEAM = 8ZU2A8P99A;
				INFOPLIST_FILE = ParisPetitCoin/Info.plist;
				LD_RUNPATH_SEARCH_PATHS = (
					"$(inherited)",
					"@executable_path/Frameworks",
				);
				PRODUCT_BUNDLE_IDENTIFIER = com.fred.ParisPetitCoin;
				PRODUCT_NAME = "$(TARGET_NAME)";
				PROVISIONING_PROFILE_SPECIFIER = "";
				SWIFT_VERSION = 5.0;
				TARGETED_DEVICE_FAMILY = "1,2";
			};
			name = Debug;
		};
		B6CF4E7D261C620B0005CE89 /* Release */ = {
			isa = XCBuildConfiguration;
			baseConfigurationReference = 3AE6A4886E6D259E47801CD4 /* Pods-ParisPetitCoin.release.xcconfig */;
			buildSettings = {
				ASSETCATALOG_COMPILER_APPICON_NAME = AppIcon;
				ASSETCATALOG_COMPILER_GLOBAL_ACCENT_COLOR_NAME = AccentColor;
				CODE_SIGN_STYLE = Automatic;
				DEVELOPMENT_TEAM = 8ZU2A8P99A;
				INFOPLIST_FILE = ParisPetitCoin/Info.plist;
				LD_RUNPATH_SEARCH_PATHS = (
					"$(inherited)",
					"@executable_path/Frameworks",
				);
				PRODUCT_BUNDLE_IDENTIFIER = com.fred.ParisPetitCoin;
				PRODUCT_NAME = "$(TARGET_NAME)";
				SWIFT_VERSION = 5.0;
				TARGETED_DEVICE_FAMILY = "1,2";
			};
			name = Release;
		};
/* End XCBuildConfiguration section */

/* Begin XCConfigurationList section */
		B6CF4E62261C62050005CE89 /* Build configuration list for PBXProject "ParisPetitCoin" */ = {
			isa = XCConfigurationList;
			buildConfigurations = (
				B6CF4E79261C620B0005CE89 /* Debug */,
				B6CF4E7A261C620B0005CE89 /* Release */,
			);
			defaultConfigurationIsVisible = 0;
			defaultConfigurationName = Release;
		};
		B6CF4E7B261C620B0005CE89 /* Build configuration list for PBXNativeTarget "ParisPetitCoin" */ = {
			isa = XCConfigurationList;
			buildConfigurations = (
				B6CF4E7C261C620B0005CE89 /* Debug */,
				B6CF4E7D261C620B0005CE89 /* Release */,
			);
			defaultConfigurationIsVisible = 0;
			defaultConfigurationName = Release;
		};
/* End XCConfigurationList section */
	};
	rootObject = B6CF4E5F261C62050005CE89 /* Project object */;
}
